// !$*UTF8*$!
{
	archiveVersion = 1;
	classes = {
	};
	objectVersion = 48;
	objects = {

/* Begin PBXBuildFile section */
		1C4C6F3D1FE7E7D80091ECC1 /* Notification+Extension.swift in Sources */ = {isa = PBXBuildFile; fileRef = 1C4C6F3C1FE7E7D80091ECC1 /* Notification+Extension.swift */; };
		1C4C6F431FE80EF40091ECC1 /* FavMemesCollectionViewController.swift in Sources */ = {isa = PBXBuildFile; fileRef = 1C4C6F421FE80EF40091ECC1 /* FavMemesCollectionViewController.swift */; };
		1C4C6F451FE80EFF0091ECC1 /* AllMemesCollectionViewController.swift in Sources */ = {isa = PBXBuildFile; fileRef = 1C4C6F441FE80EFF0091ECC1 /* AllMemesCollectionViewController.swift */; };
		1C4C6F4A1FE80F350091ECC1 /* MemeCollectionViewCell.swift in Sources */ = {isa = PBXBuildFile; fileRef = 1C4C6F481FE80F350091ECC1 /* MemeCollectionViewCell.swift */; };
		1C4C6F4B1FE80F350091ECC1 /* MemeCollectionViewCell.xib in Resources */ = {isa = PBXBuildFile; fileRef = 1C4C6F491FE80F350091ECC1 /* MemeCollectionViewCell.xib */; };
		1C775E9C1FDD72AE00E09D00 /* AppDelegate.swift in Sources */ = {isa = PBXBuildFile; fileRef = 1C775E9B1FDD72AE00E09D00 /* AppDelegate.swift */; };
		1C775EA11FDD72AE00E09D00 /* Main.storyboard in Resources */ = {isa = PBXBuildFile; fileRef = 1C775E9F1FDD72AE00E09D00 /* Main.storyboard */; };
		1C775EA31FDD72AE00E09D00 /* Assets.xcassets in Resources */ = {isa = PBXBuildFile; fileRef = 1C775EA21FDD72AE00E09D00 /* Assets.xcassets */; };
		1C775EA61FDD72AE00E09D00 /* LaunchScreen.storyboard in Resources */ = {isa = PBXBuildFile; fileRef = 1C775EA41FDD72AE00E09D00 /* LaunchScreen.storyboard */; };
		1C775EB31FDD82AC00E09D00 /* DataManager.swift in Sources */ = {isa = PBXBuildFile; fileRef = 1C775EB21FDD82AC00E09D00 /* DataManager.swift */; };
		1C775EB71FDD832400E09D00 /* Meme.swift in Sources */ = {isa = PBXBuildFile; fileRef = 1C775EB61FDD832400E09D00 /* Meme.swift */; };
		1CA6EE202003C45300A4A25C /* Utils.swift in Sources */ = {isa = PBXBuildFile; fileRef = 1CA6EE1F2003C45300A4A25C /* Utils.swift */; };
		1CE886761FF0016A009D9BAB /* MemeDetailsViewController.swift in Sources */ = {isa = PBXBuildFile; fileRef = 1CE886751FF0016A009D9BAB /* MemeDetailsViewController.swift */; };
		1CF875421FF8F0B200E32D09 /* PKHUD+Extensions.swift in Sources */ = {isa = PBXBuildFile; fileRef = 1CF875411FF8F0B200E32D09 /* PKHUD+Extensions.swift */; };
		1CF875481FF940DB00E32D09 /* LoginViewController.swift in Sources */ = {isa = PBXBuildFile; fileRef = 1CF875471FF940DB00E32D09 /* LoginViewController.swift */; };
		39EF90ED4092906A40E66584 /* Pods_MemesApp.framework in Frameworks */ = {isa = PBXBuildFile; fileRef = 7D627148371972BD5A9441DA /* Pods_MemesApp.framework */; };
/* End PBXBuildFile section */

/* Begin PBXFileReference section */
		1C4C6F3C1FE7E7D80091ECC1 /* Notification+Extension.swift */ = {isa = PBXFileReference; lastKnownFileType = sourcecode.swift; path = "Notification+Extension.swift"; sourceTree = "<group>"; };
		1C4C6F421FE80EF40091ECC1 /* FavMemesCollectionViewController.swift */ = {isa = PBXFileReference; lastKnownFileType = sourcecode.swift; path = FavMemesCollectionViewController.swift; sourceTree = "<group>"; };
		1C4C6F441FE80EFF0091ECC1 /* AllMemesCollectionViewController.swift */ = {isa = PBXFileReference; lastKnownFileType = sourcecode.swift; path = AllMemesCollectionViewController.swift; sourceTree = "<group>"; };
		1C4C6F481FE80F350091ECC1 /* MemeCollectionViewCell.swift */ = {isa = PBXFileReference; lastKnownFileType = sourcecode.swift; path = MemeCollectionViewCell.swift; sourceTree = "<group>"; };
		1C4C6F491FE80F350091ECC1 /* MemeCollectionViewCell.xib */ = {isa = PBXFileReference; lastKnownFileType = file.xib; path = MemeCollectionViewCell.xib; sourceTree = "<group>"; };
		1C775E981FDD72AE00E09D00 /* MemesApp.app */ = {isa = PBXFileReference; explicitFileType = wrapper.application; includeInIndex = 0; path = MemesApp.app; sourceTree = BUILT_PRODUCTS_DIR; };
		1C775E9B1FDD72AE00E09D00 /* AppDelegate.swift */ = {isa = PBXFileReference; lastKnownFileType = sourcecode.swift; path = AppDelegate.swift; sourceTree = "<group>"; };
		1C775EA01FDD72AE00E09D00 /* Base */ = {isa = PBXFileReference; lastKnownFileType = file.storyboard; name = Base; path = Base.lproj/Main.storyboard; sourceTree = "<group>"; };
		1C775EA21FDD72AE00E09D00 /* Assets.xcassets */ = {isa = PBXFileReference; lastKnownFileType = folder.assetcatalog; path = Assets.xcassets; sourceTree = "<group>"; };
		1C775EA51FDD72AE00E09D00 /* Base */ = {isa = PBXFileReference; lastKnownFileType = file.storyboard; name = Base; path = Base.lproj/LaunchScreen.storyboard; sourceTree = "<group>"; };
		1C775EA71FDD72AE00E09D00 /* Info.plist */ = {isa = PBXFileReference; lastKnownFileType = text.plist.xml; path = Info.plist; sourceTree = "<group>"; };
		1C775EB21FDD82AC00E09D00 /* DataManager.swift */ = {isa = PBXFileReference; lastKnownFileType = sourcecode.swift; path = DataManager.swift; sourceTree = "<group>"; };
		1C775EB61FDD832400E09D00 /* Meme.swift */ = {isa = PBXFileReference; lastKnownFileType = sourcecode.swift; path = Meme.swift; sourceTree = "<group>"; };
		1CA6EE1F2003C45300A4A25C /* Utils.swift */ = {isa = PBXFileReference; lastKnownFileType = sourcecode.swift; path = Utils.swift; sourceTree = "<group>"; };
		1CE886751FF0016A009D9BAB /* MemeDetailsViewController.swift */ = {isa = PBXFileReference; lastKnownFileType = sourcecode.swift; path = MemeDetailsViewController.swift; sourceTree = "<group>"; };
		1CF875411FF8F0B200E32D09 /* PKHUD+Extensions.swift */ = {isa = PBXFileReference; lastKnownFileType = sourcecode.swift; path = "PKHUD+Extensions.swift"; sourceTree = "<group>"; };
		1CF875471FF940DB00E32D09 /* LoginViewController.swift */ = {isa = PBXFileReference; lastKnownFileType = sourcecode.swift; path = LoginViewController.swift; sourceTree = "<group>"; };
		7D627148371972BD5A9441DA /* Pods_MemesApp.framework */ = {isa = PBXFileReference; explicitFileType = wrapper.framework; includeInIndex = 0; path = Pods_MemesApp.framework; sourceTree = BUILT_PRODUCTS_DIR; };
		920337018E74B00837AA91A1 /* Pods-MemesApp.debug.xcconfig */ = {isa = PBXFileReference; includeInIndex = 1; lastKnownFileType = text.xcconfig; name = "Pods-MemesApp.debug.xcconfig"; path = "Pods/Target Support Files/Pods-MemesApp/Pods-MemesApp.debug.xcconfig"; sourceTree = "<group>"; };
		AA5609DB97077B20562D7E24 /* Pods-MemesApp.release.xcconfig */ = {isa = PBXFileReference; includeInIndex = 1; lastKnownFileType = text.xcconfig; name = "Pods-MemesApp.release.xcconfig"; path = "Pods/Target Support Files/Pods-MemesApp/Pods-MemesApp.release.xcconfig"; sourceTree = "<group>"; };
/* End PBXFileReference section */

/* Begin PBXFrameworksBuildPhase section */
		1C775E951FDD72AE00E09D00 /* Frameworks */ = {
			isa = PBXFrameworksBuildPhase;
			buildActionMask = 2147483647;
			files = (
				39EF90ED4092906A40E66584 /* Pods_MemesApp.framework in Frameworks */,
			);
			runOnlyForDeploymentPostprocessing = 0;
		};
/* End PBXFrameworksBuildPhase section */

/* Begin PBXGroup section */
		1C4C6F391FE7E72C0091ECC1 /* Extensions */ = {
			isa = PBXGroup;
			children = (
				1C4C6F3C1FE7E7D80091ECC1 /* Notification+Extension.swift */,
				1CF875411FF8F0B200E32D09 /* PKHUD+Extensions.swift */,
			);
			path = Extensions;
			sourceTree = "<group>";
		};
		1C775E8F1FDD72AE00E09D00 = {
			isa = PBXGroup;
			children = (
				1C775E9A1FDD72AE00E09D00 /* MemesApp */,
				1C775E991FDD72AE00E09D00 /* Products */,
				2284835A6B5CB925FDE2F475 /* Pods */,
				1F59C3BBB0902431DA563B76 /* Frameworks */,
			);
			sourceTree = "<group>";
		};
		1C775E991FDD72AE00E09D00 /* Products */ = {
			isa = PBXGroup;
			children = (
				1C775E981FDD72AE00E09D00 /* MemesApp.app */,
			);
			name = Products;
			sourceTree = "<group>";
		};
		1C775E9A1FDD72AE00E09D00 /* MemesApp */ = {
			isa = PBXGroup;
			children = (
				1CA6EE212003C45F00A4A25C /* Utils */,
				1C4C6F391FE7E72C0091ECC1 /* Extensions */,
				1C775EAE1FDD7ACE00E09D00 /* Model */,
				1C775EAF1FDD7AD500E09D00 /* View */,
				1C775EB01FDD7AD900E09D00 /* Controllers */,
				1C775E9B1FDD72AE00E09D00 /* AppDelegate.swift */,
				1C775EA21FDD72AE00E09D00 /* Assets.xcassets */,
				1C775EA41FDD72AE00E09D00 /* LaunchScreen.storyboard */,
				1C775EA71FDD72AE00E09D00 /* Info.plist */,
			);
			path = MemesApp;
			sourceTree = "<group>";
		};
		1C775EAE1FDD7ACE00E09D00 /* Model */ = {
			isa = PBXGroup;
			children = (
				1C775EB21FDD82AC00E09D00 /* DataManager.swift */,
				1C775EB61FDD832400E09D00 /* Meme.swift */,
			);
			path = Model;
			sourceTree = "<group>";
		};
		1C775EAF1FDD7AD500E09D00 /* View */ = {
			isa = PBXGroup;
			children = (
				1C4C6F481FE80F350091ECC1 /* MemeCollectionViewCell.swift */,
				1C4C6F491FE80F350091ECC1 /* MemeCollectionViewCell.xib */,
			);
			path = View;
			sourceTree = "<group>";
		};
		1C775EB01FDD7AD900E09D00 /* Controllers */ = {
			isa = PBXGroup;
			children = (
				1C775E9F1FDD72AE00E09D00 /* Main.storyboard */,
				1CA6EE1A2003906600A4A25C /* Login */,
				1CA6EE192003904400A4A25C /* MemeDetails */,
				1CA6EE182003903E00A4A25C /* FavMemes */,
				1CA6EE172003903600A4A25C /* AllMemes */,
			);
			path = Controllers;
			sourceTree = "<group>";
		};
		1CA6EE172003903600A4A25C /* AllMemes */ = {
			isa = PBXGroup;
			children = (
				1C4C6F441FE80EFF0091ECC1 /* AllMemesCollectionViewController.swift */,
			);
			path = AllMemes;
			sourceTree = "<group>";
		};
		1CA6EE182003903E00A4A25C /* FavMemes */ = {
			isa = PBXGroup;
			children = (
				1C4C6F421FE80EF40091ECC1 /* FavMemesCollectionViewController.swift */,
			);
			path = FavMemes;
			sourceTree = "<group>";
		};
		1CA6EE192003904400A4A25C /* MemeDetails */ = {
			isa = PBXGroup;
			children = (
				1CE886751FF0016A009D9BAB /* MemeDetailsViewController.swift */,
			);
			path = MemeDetails;
			sourceTree = "<group>";
		};
		1CA6EE1A2003906600A4A25C /* Login */ = {
			isa = PBXGroup;
			children = (
				1CF875471FF940DB00E32D09 /* LoginViewController.swift */,
			);
			path = Login;
			sourceTree = "<group>";
		};
		1CA6EE212003C45F00A4A25C /* Utils */ = {
			isa = PBXGroup;
			children = (
				1CA6EE1F2003C45300A4A25C /* Utils.swift */,
			);
			path = Utils;
			sourceTree = "<group>";
		};
		1F59C3BBB0902431DA563B76 /* Frameworks */ = {
			isa = PBXGroup;
			children = (
				7D627148371972BD5A9441DA /* Pods_MemesApp.framework */,
			);
			name = Frameworks;
			sourceTree = "<group>";
		};
		2284835A6B5CB925FDE2F475 /* Pods */ = {
			isa = PBXGroup;
			children = (
				920337018E74B00837AA91A1 /* Pods-MemesApp.debug.xcconfig */,
				AA5609DB97077B20562D7E24 /* Pods-MemesApp.release.xcconfig */,
			);
			name = Pods;
			sourceTree = "<group>";
		};
/* End PBXGroup section */

/* Begin PBXNativeTarget section */
		1C775E971FDD72AE00E09D00 /* MemesApp */ = {
			isa = PBXNativeTarget;
			buildConfigurationList = 1C775EAA1FDD72AE00E09D00 /* Build configuration list for PBXNativeTarget "MemesApp" */;
			buildPhases = (
				F6DB1A0BDF6D9179C906D2B1 /* [CP] Check Pods Manifest.lock */,
				1C775E941FDD72AE00E09D00 /* Sources */,
				1C775E951FDD72AE00E09D00 /* Frameworks */,
				1C775E961FDD72AE00E09D00 /* Resources */,
				EC3AD8AE3F7EDFDE120DE387 /* [CP] Embed Pods Frameworks */,
				20D0BC73BB429FB1C4C8DA41 /* [CP] Copy Pods Resources */,
				1C775EAD1FDD7AA500E09D00 /* ShellScript */,
			);
			buildRules = (
			);
			dependencies = (
			);
			name = MemesApp;
			productName = MemesApp;
			productReference = 1C775E981FDD72AE00E09D00 /* MemesApp.app */;
			productType = "com.apple.product-type.application";
		};
/* End PBXNativeTarget section */

/* Begin PBXProject section */
		1C775E901FDD72AE00E09D00 /* Project object */ = {
			isa = PBXProject;
			attributes = {
				LastSwiftUpdateCheck = 0920;
				LastUpgradeCheck = 0920;
				ORGANIZATIONNAME = "Vadim Shoshin";
				TargetAttributes = {
					1C775E971FDD72AE00E09D00 = {
						CreatedOnToolsVersion = 9.2;
						ProvisioningStyle = Automatic;
					};
				};
			};
			buildConfigurationList = 1C775E931FDD72AE00E09D00 /* Build configuration list for PBXProject "MemesApp" */;
			compatibilityVersion = "Xcode 8.0";
			developmentRegion = en;
			hasScannedForEncodings = 0;
			knownRegions = (
				en,
				Base,
			);
			mainGroup = 1C775E8F1FDD72AE00E09D00;
			productRefGroup = 1C775E991FDD72AE00E09D00 /* Products */;
			projectDirPath = "";
			projectRoot = "";
			targets = (
				1C775E971FDD72AE00E09D00 /* MemesApp */,
			);
		};
/* End PBXProject section */

/* Begin PBXResourcesBuildPhase section */
		1C775E961FDD72AE00E09D00 /* Resources */ = {
			isa = PBXResourcesBuildPhase;
			buildActionMask = 2147483647;
			files = (
				1C775EA61FDD72AE00E09D00 /* LaunchScreen.storyboard in Resources */,
				1C775EA31FDD72AE00E09D00 /* Assets.xcassets in Resources */,
				1C4C6F4B1FE80F350091ECC1 /* MemeCollectionViewCell.xib in Resources */,
				1C775EA11FDD72AE00E09D00 /* Main.storyboard in Resources */,
			);
			runOnlyForDeploymentPostprocessing = 0;
		};
/* End PBXResourcesBuildPhase section */

/* Begin PBXShellScriptBuildPhase section */
		1C775EAD1FDD7AA500E09D00 /* ShellScript */ = {
			isa = PBXShellScriptBuildPhase;
			buildActionMask = 2147483647;
			files = (
			);
			inputPaths = (
			);
			outputPaths = (
			);
			runOnlyForDeploymentPostprocessing = 0;
			shellPath = /bin/sh;
			shellScript = "\"${PODS_ROOT}/SwiftLint/swiftlint\"";
		};
		20D0BC73BB429FB1C4C8DA41 /* [CP] Copy Pods Resources */ = {
			isa = PBXShellScriptBuildPhase;
			buildActionMask = 2147483647;
			files = (
			);
			inputPaths = (
			);
			name = "[CP] Copy Pods Resources";
			outputPaths = (
			);
			runOnlyForDeploymentPostprocessing = 0;
			shellPath = /bin/sh;
			shellScript = "\"${SRCROOT}/Pods/Target Support Files/Pods-MemesApp/Pods-MemesApp-resources.sh\"\n";
			showEnvVarsInLog = 0;
		};
		EC3AD8AE3F7EDFDE120DE387 /* [CP] Embed Pods Frameworks */ = {
			isa = PBXShellScriptBuildPhase;
			buildActionMask = 2147483647;
			files = (
			);
			inputPaths = (
				"${SRCROOT}/Pods/Target Support Files/Pods-MemesApp/Pods-MemesApp-frameworks.sh",
				"${BUILT_PRODUCTS_DIR}/Alamofire/Alamofire.framework",
				"${BUILT_PRODUCTS_DIR}/AlamofireImage/AlamofireImage.framework",
				"${BUILT_PRODUCTS_DIR}/KeychainSwift/KeychainSwift.framework",
				"${BUILT_PRODUCTS_DIR}/PKHUD/PKHUD.framework",
				"${BUILT_PRODUCTS_DIR}/SwiftyJSON/SwiftyJSON.framework",
			);
			name = "[CP] Embed Pods Frameworks";
			outputPaths = (
				"${TARGET_BUILD_DIR}/${FRAMEWORKS_FOLDER_PATH}/Alamofire.framework",
				"${TARGET_BUILD_DIR}/${FRAMEWORKS_FOLDER_PATH}/AlamofireImage.framework",
				"${TARGET_BUILD_DIR}/${FRAMEWORKS_FOLDER_PATH}/KeychainSwift.framework",
				"${TARGET_BUILD_DIR}/${FRAMEWORKS_FOLDER_PATH}/PKHUD.framework",
				"${TARGET_BUILD_DIR}/${FRAMEWORKS_FOLDER_PATH}/SwiftyJSON.framework",
			);
			runOnlyForDeploymentPostprocessing = 0;
			shellPath = /bin/sh;
			shellScript = "\"${SRCROOT}/Pods/Target Support Files/Pods-MemesApp/Pods-MemesApp-frameworks.sh\"\n";
			showEnvVarsInLog = 0;
		};
		F6DB1A0BDF6D9179C906D2B1 /* [CP] Check Pods Manifest.lock */ = {
			isa = PBXShellScriptBuildPhase;
			buildActionMask = 2147483647;
			files = (
			);
			inputPaths = (
				"${PODS_PODFILE_DIR_PATH}/Podfile.lock",
				"${PODS_ROOT}/Manifest.lock",
			);
			name = "[CP] Check Pods Manifest.lock";
			outputPaths = (
				"$(DERIVED_FILE_DIR)/Pods-MemesApp-checkManifestLockResult.txt",
			);
			runOnlyForDeploymentPostprocessing = 0;
			shellPath = /bin/sh;
			shellScript = "diff \"${PODS_PODFILE_DIR_PATH}/Podfile.lock\" \"${PODS_ROOT}/Manifest.lock\" > /dev/null\nif [ $? != 0 ] ; then\n    # print error to STDERR\n    echo \"error: The sandbox is not in sync with the Podfile.lock. Run 'pod install' or update your CocoaPods installation.\" >&2\n    exit 1\nfi\n# This output is used by Xcode 'outputs' to avoid re-running this script phase.\necho \"SUCCESS\" > \"${SCRIPT_OUTPUT_FILE_0}\"\n";
			showEnvVarsInLog = 0;
		};
/* End PBXShellScriptBuildPhase section */

/* Begin PBXSourcesBuildPhase section */
		1C775E941FDD72AE00E09D00 /* Sources */ = {
			isa = PBXSourcesBuildPhase;
			buildActionMask = 2147483647;
			files = (
				1C4C6F451FE80EFF0091ECC1 /* AllMemesCollectionViewController.swift in Sources */,
				1C775E9C1FDD72AE00E09D00 /* AppDelegate.swift in Sources */,
				1C775EB71FDD832400E09D00 /* Meme.swift in Sources */,
				1CE886761FF0016A009D9BAB /* MemeDetailsViewController.swift in Sources */,
				1CF875421FF8F0B200E32D09 /* PKHUD+Extensions.swift in Sources */,
				1CA6EE202003C45300A4A25C /* Utils.swift in Sources */,
				1C4C6F431FE80EF40091ECC1 /* FavMemesCollectionViewController.swift in Sources */,
				1C4C6F4A1FE80F350091ECC1 /* MemeCollectionViewCell.swift in Sources */,
				1C4C6F3D1FE7E7D80091ECC1 /* Notification+Extension.swift in Sources */,
				1CF875481FF940DB00E32D09 /* LoginViewController.swift in Sources */,
				1C775EB31FDD82AC00E09D00 /* DataManager.swift in Sources */,
			);
			runOnlyForDeploymentPostprocessing = 0;
		};
/* End PBXSourcesBuildPhase section */

/* Begin PBXVariantGroup section */
		1C775E9F1FDD72AE00E09D00 /* Main.storyboard */ = {
			isa = PBXVariantGroup;
			children = (
				1C775EA01FDD72AE00E09D00 /* Base */,
			);
			name = Main.storyboard;
			sourceTree = "<group>";
		};
		1C775EA41FDD72AE00E09D00 /* LaunchScreen.storyboard */ = {
			isa = PBXVariantGroup;
			children = (
				1C775EA51FDD72AE00E09D00 /* Base */,
			);
			name = LaunchScreen.storyboard;
			sourceTree = "<group>";
		};
/* End PBXVariantGroup section */

/* Begin XCBuildConfiguration section */
		1C775EA81FDD72AE00E09D00 /* Debug */ = {
			isa = XCBuildConfiguration;
			buildSettings = {
				ALWAYS_SEARCH_USER_PATHS = NO;
				CLANG_ANALYZER_NONNULL = YES;
				CLANG_ANALYZER_NUMBER_OBJECT_CONVERSION = YES_AGGRESSIVE;
				CLANG_CXX_LANGUAGE_STANDARD = "gnu++14";
				CLANG_CXX_LIBRARY = "libc++";
				CLANG_ENABLE_MODULES = YES;
				CLANG_ENABLE_OBJC_ARC = YES;
				CLANG_WARN_BLOCK_CAPTURE_AUTORELEASING = YES;
				CLANG_WARN_BOOL_CONVERSION = YES;
				CLANG_WARN_COMMA = YES;
				CLANG_WARN_CONSTANT_CONVERSION = YES;
				CLANG_WARN_DIRECT_OBJC_ISA_USAGE = YES_ERROR;
				CLANG_WARN_DOCUMENTATION_COMMENTS = YES;
				CLANG_WARN_EMPTY_BODY = YES;
				CLANG_WARN_ENUM_CONVERSION = YES;
				CLANG_WARN_INFINITE_RECURSION = YES;
				CLANG_WARN_INT_CONVERSION = YES;
				CLANG_WARN_NON_LITERAL_NULL_CONVERSION = YES;
				CLANG_WARN_OBJC_LITERAL_CONVERSION = YES;
				CLANG_WARN_OBJC_ROOT_CLASS = YES_ERROR;
				CLANG_WARN_RANGE_LOOP_ANALYSIS = YES;
				CLANG_WARN_STRICT_PROTOTYPES = YES;
				CLANG_WARN_SUSPICIOUS_MOVE = YES;
				CLANG_WARN_UNGUARDED_AVAILABILITY = YES_AGGRESSIVE;
				CLANG_WARN_UNREACHABLE_CODE = YES;
				CLANG_WARN__DUPLICATE_METHOD_MATCH = YES;
				CODE_SIGN_IDENTITY = "iPhone Developer";
				COPY_PHASE_STRIP = NO;
				DEBUG_INFORMATION_FORMAT = dwarf;
				ENABLE_STRICT_OBJC_MSGSEND = YES;
				ENABLE_TESTABILITY = YES;
				GCC_C_LANGUAGE_STANDARD = gnu11;
				GCC_DYNAMIC_NO_PIC = NO;
				GCC_NO_COMMON_BLOCKS = YES;
				GCC_OPTIMIZATION_LEVEL = 0;
				GCC_PREPROCESSOR_DEFINITIONS = (
					"DEBUG=1",
					"$(inherited)",
				);
				GCC_WARN_64_TO_32_BIT_CONVERSION = YES;
				GCC_WARN_ABOUT_RETURN_TYPE = YES_ERROR;
				GCC_WARN_UNDECLARED_SELECTOR = YES;
				GCC_WARN_UNINITIALIZED_AUTOS = YES_AGGRESSIVE;
				GCC_WARN_UNUSED_FUNCTION = YES;
				GCC_WARN_UNUSED_VARIABLE = YES;
				IPHONEOS_DEPLOYMENT_TARGET = 9.0;
				MTL_ENABLE_DEBUG_INFO = YES;
				ONLY_ACTIVE_ARCH = YES;
				SDKROOT = iphoneos;
				SWIFT_ACTIVE_COMPILATION_CONDITIONS = DEBUG;
				SWIFT_OPTIMIZATION_LEVEL = "-Onone";
			};
			name = Debug;
		};
		1C775EA91FDD72AE00E09D00 /* Release */ = {
			isa = XCBuildConfiguration;
			buildSettings = {
				ALWAYS_SEARCH_USER_PATHS = NO;
				CLANG_ANALYZER_NONNULL = YES;
				CLANG_ANALYZER_NUMBER_OBJECT_CONVERSION = YES_AGGRESSIVE;
				CLANG_CXX_LANGUAGE_STANDARD = "gnu++14";
				CLANG_CXX_LIBRARY = "libc++";
				CLANG_ENABLE_MODULES = YES;
				CLANG_ENABLE_OBJC_ARC = YES;
				CLANG_WARN_BLOCK_CAPTURE_AUTORELEASING = YES;
				CLANG_WARN_BOOL_CONVERSION = YES;
				CLANG_WARN_COMMA = YES;
				CLANG_WARN_CONSTANT_CONVERSION = YES;
				CLANG_WARN_DIRECT_OBJC_ISA_USAGE = YES_ERROR;
				CLANG_WARN_DOCUMENTATION_COMMENTS = YES;
				CLANG_WARN_EMPTY_BODY = YES;
				CLANG_WARN_ENUM_CONVERSION = YES;
				CLANG_WARN_INFINITE_RECURSION = YES;
				CLANG_WARN_INT_CONVERSION = YES;
				CLANG_WARN_NON_LITERAL_NULL_CONVERSION = YES;
				CLANG_WARN_OBJC_LITERAL_CONVERSION = YES;
				CLANG_WARN_OBJC_ROOT_CLASS = YES_ERROR;
				CLANG_WARN_RANGE_LOOP_ANALYSIS = YES;
				CLANG_WARN_STRICT_PROTOTYPES = YES;
				CLANG_WARN_SUSPICIOUS_MOVE = YES;
				CLANG_WARN_UNGUARDED_AVAILABILITY = YES_AGGRESSIVE;
				CLANG_WARN_UNREACHABLE_CODE = YES;
				CLANG_WARN__DUPLICATE_METHOD_MATCH = YES;
				CODE_SIGN_IDENTITY = "iPhone Developer";
				COPY_PHASE_STRIP = NO;
				DEBUG_INFORMATION_FORMAT = "dwarf-with-dsym";
				ENABLE_NS_ASSERTIONS = NO;
				ENABLE_STRICT_OBJC_MSGSEND = YES;
				GCC_C_LANGUAGE_STANDARD = gnu11;
				GCC_NO_COMMON_BLOCKS = YES;
				GCC_WARN_64_TO_32_BIT_CONVERSION = YES;
				GCC_WARN_ABOUT_RETURN_TYPE = YES_ERROR;
				GCC_WARN_UNDECLARED_SELECTOR = YES;
				GCC_WARN_UNINITIALIZED_AUTOS = YES_AGGRESSIVE;
				GCC_WARN_UNUSED_FUNCTION = YES;
				GCC_WARN_UNUSED_VARIABLE = YES;
				IPHONEOS_DEPLOYMENT_TARGET = 9.0;
				MTL_ENABLE_DEBUG_INFO = NO;
				SDKROOT = iphoneos;
				SWIFT_OPTIMIZATION_LEVEL = "-Owholemodule";
				VALIDATE_PRODUCT = YES;
			};
			name = Release;
		};
		1C775EAB1FDD72AE00E09D00 /* Debug */ = {
			isa = XCBuildConfiguration;
			baseConfigurationReference = 920337018E74B00837AA91A1 /* Pods-MemesApp.debug.xcconfig */;
			buildSettings = {
				ASSETCATALOG_COMPILER_APPICON_NAME = AppIcon;
				CODE_SIGN_STYLE = Automatic;
				INFOPLIST_FILE = MemesApp/Info.plist;
				LD_RUNPATH_SEARCH_PATHS = "$(inherited) @executable_path/Frameworks";
				PRODUCT_BUNDLE_IDENTIFIER = "Vadim-Shoshin.MemesApp";
				PRODUCT_NAME = "$(TARGET_NAME)";
				SWIFT_VERSION = 4.0;
				TARGETED_DEVICE_FAMILY = "1,2";
			};
			name = Debug;
		};
		1C775EAC1FDD72AE00E09D00 /* Release */ = {
			isa = XCBuildConfiguration;
			baseConfigurationReference = AA5609DB97077B20562D7E24 /* Pods-MemesApp.release.xcconfig */;
			buildSettings = {
				ASSETCATALOG_COMPILER_APPICON_NAME = AppIcon;
				CODE_SIGN_STYLE = Automatic;
				INFOPLIST_FILE = MemesApp/Info.plist;
				LD_RUNPATH_SEARCH_PATHS = "$(inherited) @executable_path/Frameworks";
				PRODUCT_BUNDLE_IDENTIFIER = "Vadim-Shoshin.MemesApp";
				PRODUCT_NAME = "$(TARGET_NAME)";
				SWIFT_VERSION = 4.0;
				TARGETED_DEVICE_FAMILY = "1,2";
			};
			name = Release;
		};
/* End XCBuildConfiguration section */

/* Begin XCConfigurationList section */
		1C775E931FDD72AE00E09D00 /* Build configuration list for PBXProject "MemesApp" */ = {
			isa = XCConfigurationList;
			buildConfigurations = (
				1C775EA81FDD72AE00E09D00 /* Debug */,
				1C775EA91FDD72AE00E09D00 /* Release */,
			);
			defaultConfigurationIsVisible = 0;
			defaultConfigurationName = Release;
		};
		1C775EAA1FDD72AE00E09D00 /* Build configuration list for PBXNativeTarget "MemesApp" */ = {
			isa = XCConfigurationList;
			buildConfigurations = (
				1C775EAB1FDD72AE00E09D00 /* Debug */,
				1C775EAC1FDD72AE00E09D00 /* Release */,
			);
			defaultConfigurationIsVisible = 0;
			defaultConfigurationName = Release;
		};
/* End XCConfigurationList section */
	};
	rootObject = 1C775E901FDD72AE00E09D00 /* Project object */;
}
